
Microsoft Visual Studio Solution File, Format Version 12.00
# Visual Studio 15
VisualStudioVersion = 15.0.27130.2010
MinimumVisualStudioVersion = 10.0.40219.1
Project("{9A19103F-16F7-4668-BE54-9A1E7A4F7556}") = "NSLyricTest", "NSLyricTest\NSLyricTest.csproj", "{9A7FD8C2-5B7A-4F95-842A-FCD6CB5BE499}"
EndProject
Project("{9A19103F-16F7-4668-BE54-9A1E7A4F7556}") = "NCLyric20App", "NCLyric20App\NCLyric20App.csproj", "{DB6F678B-916E-4349-A899-7E3A1B7610F0}"
EndProject
Project("{FAE04EC0-301F-11D3-BF4B-00C04F79EFBC}") = "XFLaricApp.Android", "XFLaricApp\XFLaricApp.Android\XFLaricApp.Android.csproj", "{E5E20654-53FC-4BB0-AED2-0B1F55580449}"
EndProject
Project("{FAE04EC0-301F-11D3-BF4B-00C04F79EFBC}") = "XFLaricApp.iOS", "XFLaricApp\XFLaricApp.iOS\XFLaricApp.iOS.csproj", "{29270968-719B-443F-9D55-0EE1FFFE6998}"
EndProject
Project("{FAE04EC0-301F-11D3-BF4B-00C04F79EFBC}") = "XFLaricApp.UWP", "XFLaricApp\XFLaricApp.UWP\XFLaricApp.UWP.csproj", "{11AE102F-54C6-4468-9EB7-E775B88C8937}"
EndProject
Project("{9A19103F-16F7-4668-BE54-9A1E7A4F7556}") = "XFLaricApp", "XFLaricApp\XFLaricApp\XFLaricApp.csproj", "{7053530A-BC14-4503-8CB8-BFCA3040B582}"
EndProject
Global
	GlobalSection(SolutionConfigurationPlatforms) = preSolution
		Ad-Hoc|Any CPU = Ad-Hoc|Any CPU
		Ad-Hoc|ARM = Ad-Hoc|ARM
		Ad-Hoc|iPhone = Ad-Hoc|iPhone
		Ad-Hoc|iPhoneSimulator = Ad-Hoc|iPhoneSimulator
		Ad-Hoc|x64 = Ad-Hoc|x64
		Ad-Hoc|x86 = Ad-Hoc|x86
		AppStore|Any CPU = AppStore|Any CPU
		AppStore|ARM = AppStore|ARM
		AppStore|iPhone = AppStore|iPhone
		AppStore|iPhoneSimulator = AppStore|iPhoneSimulator
		AppStore|x64 = AppStore|x64
		AppStore|x86 = AppStore|x86
		Debug|Any CPU = Debug|Any CPU
		Debug|ARM = Debug|ARM
		Debug|iPhone = Debug|iPhone
		Debug|iPhoneSimulator = Debug|iPhoneSimulator
		Debug|x64 = Debug|x64
		Debug|x86 = Debug|x86
		Release|Any CPU = Release|Any CPU
		Release|ARM = Release|ARM
		Release|iPhone = Release|iPhone
		Release|iPhoneSimulator = Release|iPhoneSimulator
		Release|x64 = Release|x64
		Release|x86 = Release|x86
	EndGlobalSection
	GlobalSection(ProjectConfigurationPlatforms) = postSolution
		{9A7FD8C2-5B7A-4F95-842A-FCD6CB5BE499}.Ad-Hoc|Any CPU.ActiveCfg = Release|Any CPU
		{9A7FD8C2-5B7A-4F95-842A-FCD6CB5BE499}.Ad-Hoc|Any CPU.Build.0 = Release|Any CPU
		{9A7FD8C2-5B7A-4F95-842A-FCD6CB5BE499}.Ad-Hoc|ARM.ActiveCfg = Release|Any CPU
		{9A7FD8C2-5B7A-4F95-842A-FCD6CB5BE499}.Ad-Hoc|ARM.Build.0 = Release|Any CPU
		{9A7FD8C2-5B7A-4F95-842A-FCD6CB5BE499}.Ad-Hoc|iPhone.ActiveCfg = Release|Any CPU
		{9A7FD8C2-5B7A-4F95-842A-FCD6CB5BE499}.Ad-Hoc|iPhone.Build.0 = Release|Any CPU
		{9A7FD8C2-5B7A-4F95-842A-FCD6CB5BE499}.Ad-Hoc|iPhoneSimulator.ActiveCfg = Release|Any CPU
		{9A7FD8C2-5B7A-4F95-842A-FCD6CB5BE499}.Ad-Hoc|iPhoneSimulator.Build.0 = Release|Any CPU
		{9A7FD8C2-5B7A-4F95-842A-FCD6CB5BE499}.Ad-Hoc|x64.ActiveCfg = Release|Any CPU
		{9A7FD8C2-5B7A-4F95-842A-FCD6CB5BE499}.Ad-Hoc|x64.Build.0 = Release|Any CPU
		{9A7FD8C2-5B7A-4F95-842A-FCD6CB5BE499}.Ad-Hoc|x86.ActiveCfg = Release|Any CPU
		{9A7FD8C2-5B7A-4F95-842A-FCD6CB5BE499}.Ad-Hoc|x86.Build.0 = Release|Any CPU
		{9A7FD8C2-5B7A-4F95-842A-FCD6CB5BE499}.AppStore|Any CPU.ActiveCfg = Release|Any CPU
		{9A7FD8C2-5B7A-4F95-842A-FCD6CB5BE499}.AppStore|Any CPU.Build.0 = Release|Any CPU
		{9A7FD8C2-5B7A-4F95-842A-FCD6CB5BE499}.AppStore|ARM.ActiveCfg = Release|Any CPU
		{9A7FD8C2-5B7A-4F95-842A-FCD6CB5BE499}.AppStore|ARM.Build.0 = Release|Any CPU
		{9A7FD8C2-5B7A-4F95-842A-FCD6CB5BE499}.AppStore|iPhone.ActiveCfg = Release|Any CPU
		{9A7FD8C2-5B7A-4F95-842A-FCD6CB5BE499}.AppStore|iPhone.Build.0 = Release|Any CPU
		{9A7FD8C2-5B7A-4F95-842A-FCD6CB5BE499}.AppStore|iPhoneSimulator.ActiveCfg = Release|Any CPU
		{9A7FD8C2-5B7A-4F95-842A-FCD6CB5BE499}.AppStore|iPhoneSimulator.Build.0 = Release|Any CPU
		{9A7FD8C2-5B7A-4F95-842A-FCD6CB5BE499}.AppStore|x64.ActiveCfg = Release|Any CPU
		{9A7FD8C2-5B7A-4F95-842A-FCD6CB5BE499}.AppStore|x64.Build.0 = Release|Any CPU
		{9A7FD8C2-5B7A-4F95-842A-FCD6CB5BE499}.AppStore|x86.ActiveCfg = Release|Any CPU
		{9A7FD8C2-5B7A-4F95-842A-FCD6CB5BE499}.AppStore|x86.Build.0 = Release|Any CPU
		{9A7FD8C2-5B7A-4F95-842A-FCD6CB5BE499}.Debug|Any CPU.ActiveCfg = Debug|Any CPU
		{9A7FD8C2-5B7A-4F95-842A-FCD6CB5BE499}.Debug|Any CPU.Build.0 = Debug|Any CPU
		{9A7FD8C2-5B7A-4F95-842A-FCD6CB5BE499}.Debug|ARM.ActiveCfg = Debug|Any CPU
		{9A7FD8C2-5B7A-4F95-842A-FCD6CB5BE499}.Debug|ARM.Build.0 = Debug|Any CPU
		{9A7FD8C2-5B7A-4F95-842A-FCD6CB5BE499}.Debug|iPhone.ActiveCfg = Debug|Any CPU
		{9A7FD8C2-5B7A-4F95-842A-FCD6CB5BE499}.Debug|iPhone.Build.0 = Debug|Any CPU
		{9A7FD8C2-5B7A-4F95-842A-FCD6CB5BE499}.Debug|iPhoneSimulator.ActiveCfg = Debug|Any CPU
		{9A7FD8C2-5B7A-4F95-842A-FCD6CB5BE499}.Debug|iPhoneSimulator.Build.0 = Debug|Any CPU
		{9A7FD8C2-5B7A-4F95-842A-FCD6CB5BE499}.Debug|x64.ActiveCfg = Debug|Any CPU
		{9A7FD8C2-5B7A-4F95-842A-FCD6CB5BE499}.Debug|x64.Build.0 = Debug|Any CPU
		{9A7FD8C2-5B7A-4F95-842A-FCD6CB5BE499}.Debug|x86.ActiveCfg = Debug|Any CPU
		{9A7FD8C2-5B7A-4F95-842A-FCD6CB5BE499}.Debug|x86.Build.0 = Debug|Any CPU
		{9A7FD8C2-5B7A-4F95-842A-FCD6CB5BE499}.Release|Any CPU.ActiveCfg = Release|Any CPU
		{9A7FD8C2-5B7A-4F95-842A-FCD6CB5BE499}.Release|Any CPU.Build.0 = Release|Any CPU
		{9A7FD8C2-5B7A-4F95-842A-FCD6CB5BE499}.Release|ARM.ActiveCfg = Release|Any CPU
		{9A7FD8C2-5B7A-4F95-842A-FCD6CB5BE499}.Release|ARM.Build.0 = Release|Any CPU
		{9A7FD8C2-5B7A-4F95-842A-FCD6CB5BE499}.Release|iPhone.ActiveCfg = Release|Any CPU
		{9A7FD8C2-5B7A-4F95-842A-FCD6CB5BE499}.Release|iPhone.Build.0 = Release|Any CPU
		{9A7FD8C2-5B7A-4F95-842A-FCD6CB5BE499}.Release|iPhoneSimulator.ActiveCfg = Release|Any CPU
		{9A7FD8C2-5B7A-4F95-842A-FCD6CB5BE499}.Release|iPhoneSimulator.Build.0 = Release|Any CPU
		{9A7FD8C2-5B7A-4F95-842A-FCD6CB5BE499}.Release|x64.ActiveCfg = Release|Any CPU
		{9A7FD8C2-5B7A-4F95-842A-FCD6CB5BE499}.Release|x64.Build.0 = Release|Any CPU
		{9A7FD8C2-5B7A-4F95-842A-FCD6CB5BE499}.Release|x86.ActiveCfg = Release|Any CPU
		{9A7FD8C2-5B7A-4F95-842A-FCD6CB5BE499}.Release|x86.Build.0 = Release|Any CPU
		{DB6F678B-916E-4349-A899-7E3A1B7610F0}.Ad-Hoc|Any CPU.ActiveCfg = Release|Any CPU
		{DB6F678B-916E-4349-A899-7E3A1B7610F0}.Ad-Hoc|Any CPU.Build.0 = Release|Any CPU
		{DB6F678B-916E-4349-A899-7E3A1B7610F0}.Ad-Hoc|ARM.ActiveCfg = Release|Any CPU
		{DB6F678B-916E-4349-A899-7E3A1B7610F0}.Ad-Hoc|ARM.Build.0 = Release|Any CPU
		{DB6F678B-916E-4349-A899-7E3A1B7610F0}.Ad-Hoc|iPhone.ActiveCfg = Release|Any CPU
		{DB6F678B-916E-4349-A899-7E3A1B7610F0}.Ad-Hoc|iPhone.Build.0 = Release|Any CPU
		{DB6F678B-916E-4349-A899-7E3A1B7610F0}.Ad-Hoc|iPhoneSimulator.ActiveCfg = Release|Any CPU
		{DB6F678B-916E-4349-A899-7E3A1B7610F0}.Ad-Hoc|iPhoneSimulator.Build.0 = Release|Any CPU
		{DB6F678B-916E-4349-A899-7E3A1B7610F0}.Ad-Hoc|x64.ActiveCfg = Release|Any CPU
		{DB6F678B-916E-4349-A899-7E3A1B7610F0}.Ad-Hoc|x64.Build.0 = Release|Any CPU
		{DB6F678B-916E-4349-A899-7E3A1B7610F0}.Ad-Hoc|x86.ActiveCfg = Release|Any CPU
		{DB6F678B-916E-4349-A899-7E3A1B7610F0}.Ad-Hoc|x86.Build.0 = Release|Any CPU
		{DB6F678B-916E-4349-A899-7E3A1B7610F0}.AppStore|Any CPU.ActiveCfg = Release|Any CPU
		{DB6F678B-916E-4349-A899-7E3A1B7610F0}.AppStore|Any CPU.Build.0 = Release|Any CPU
		{DB6F678B-916E-4349-A899-7E3A1B7610F0}.AppStore|ARM.ActiveCfg = Release|Any CPU
		{DB6F678B-916E-4349-A899-7E3A1B7610F0}.AppStore|ARM.Build.0 = Release|Any CPU
		{DB6F678B-916E-4349-A899-7E3A1B7610F0}.AppStore|iPhone.ActiveCfg = Release|Any CPU
		{DB6F678B-916E-4349-A899-7E3A1B7610F0}.AppStore|iPhone.Build.0 = Release|Any CPU
		{DB6F678B-916E-4349-A899-7E3A1B7610F0}.AppStore|iPhoneSimulator.ActiveCfg = Release|Any CPU
		{DB6F678B-916E-4349-A899-7E3A1B7610F0}.AppStore|iPhoneSimulator.Build.0 = Release|Any CPU
		{DB6F678B-916E-4349-A899-7E3A1B7610F0}.AppStore|x64.ActiveCfg = Release|Any CPU
		{DB6F678B-916E-4349-A899-7E3A1B7610F0}.AppStore|x64.Build.0 = Release|Any CPU
		{DB6F678B-916E-4349-A899-7E3A1B7610F0}.AppStore|x86.ActiveCfg = Release|Any CPU
		{DB6F678B-916E-4349-A899-7E3A1B7610F0}.AppStore|x86.Build.0 = Release|Any CPU
		{DB6F678B-916E-4349-A899-7E3A1B7610F0}.Debug|Any CPU.ActiveCfg = Debug|Any CPU
		{DB6F678B-916E-4349-A899-7E3A1B7610F0}.Debug|Any CPU.Build.0 = Debug|Any CPU
		{DB6F678B-916E-4349-A899-7E3A1B7610F0}.Debug|ARM.ActiveCfg = Debug|Any CPU
		{DB6F678B-916E-4349-A899-7E3A1B7610F0}.Debug|ARM.Build.0 = Debug|Any CPU
		{DB6F678B-916E-4349-A899-7E3A1B7610F0}.Debug|iPhone.ActiveCfg = Debug|Any CPU
		{DB6F678B-916E-4349-A899-7E3A1B7610F0}.Debug|iPhone.Build.0 = Debug|Any CPU
		{DB6F678B-916E-4349-A899-7E3A1B7610F0}.Debug|iPhoneSimulator.ActiveCfg = Debug|Any CPU
		{DB6F678B-916E-4349-A899-7E3A1B7610F0}.Debug|iPhoneSimulator.Build.0 = Debug|Any CPU
		{DB6F678B-916E-4349-A899-7E3A1B7610F0}.Debug|x64.ActiveCfg = Debug|Any CPU
		{DB6F678B-916E-4349-A899-7E3A1B7610F0}.Debug|x64.Build.0 = Debug|Any CPU
		{DB6F678B-916E-4349-A899-7E3A1B7610F0}.Debug|x86.ActiveCfg = Debug|Any CPU
		{DB6F678B-916E-4349-A899-7E3A1B7610F0}.Debug|x86.Build.0 = Debug|Any CPU
		{DB6F678B-916E-4349-A899-7E3A1B7610F0}.Release|Any CPU.ActiveCfg = Release|Any CPU
		{DB6F678B-916E-4349-A899-7E3A1B7610F0}.Release|Any CPU.Build.0 = Release|Any CPU
		{DB6F678B-916E-4349-A899-7E3A1B7610F0}.Release|ARM.ActiveCfg = Release|Any CPU
		{DB6F678B-916E-4349-A899-7E3A1B7610F0}.Release|ARM.Build.0 = Release|Any CPU
		{DB6F678B-916E-4349-A899-7E3A1B7610F0}.Release|iPhone.ActiveCfg = Release|Any CPU
		{DB6F678B-916E-4349-A899-7E3A1B7610F0}.Release|iPhone.Build.0 = Release|Any CPU
		{DB6F678B-916E-4349-A899-7E3A1B7610F0}.Release|iPhoneSimulator.ActiveCfg = Release|Any CPU
		{DB6F678B-916E-4349-A899-7E3A1B7610F0}.Release|iPhoneSimulator.Build.0 = Release|Any CPU
		{DB6F678B-916E-4349-A899-7E3A1B7610F0}.Release|x64.ActiveCfg = Release|Any CPU
		{DB6F678B-916E-4349-A899-7E3A1B7610F0}.Release|x64.Build.0 = Release|Any CPU
		{DB6F678B-916E-4349-A899-7E3A1B7610F0}.Release|x86.ActiveCfg = Release|Any CPU
		{DB6F678B-916E-4349-A899-7E3A1B7610F0}.Release|x86.Build.0 = Release|Any CPU
		{E5E20654-53FC-4BB0-AED2-0B1F55580449}.Ad-Hoc|Any CPU.ActiveCfg = Release|Any CPU
		{E5E20654-53FC-4BB0-AED2-0B1F55580449}.Ad-Hoc|Any CPU.Build.0 = Release|Any CPU
		{E5E20654-53FC-4BB0-AED2-0B1F55580449}.Ad-Hoc|Any CPU.Deploy.0 = Release|Any CPU
		{E5E20654-53FC-4BB0-AED2-0B1F55580449}.Ad-Hoc|ARM.ActiveCfg = Release|Any CPU
		{E5E20654-53FC-4BB0-AED2-0B1F55580449}.Ad-Hoc|ARM.Build.0 = Release|Any CPU
		{E5E20654-53FC-4BB0-AED2-0B1F55580449}.Ad-Hoc|ARM.Deploy.0 = Release|Any CPU
		{E5E20654-53FC-4BB0-AED2-0B1F55580449}.Ad-Hoc|iPhone.ActiveCfg = Release|Any CPU
		{E5E20654-53FC-4BB0-AED2-0B1F55580449}.Ad-Hoc|iPhone.Build.0 = Release|Any CPU
		{E5E20654-53FC-4BB0-AED2-0B1F55580449}.Ad-Hoc|iPhone.Deploy.0 = Release|Any CPU
		{E5E20654-53FC-4BB0-AED2-0B1F55580449}.Ad-Hoc|iPhoneSimulator.ActiveCfg = Release|Any CPU
		{E5E20654-53FC-4BB0-AED2-0B1F55580449}.Ad-Hoc|iPhoneSimulator.Build.0 = Release|Any CPU
		{E5E20654-53FC-4BB0-AED2-0B1F55580449}.Ad-Hoc|iPhoneSimulator.Deploy.0 = Release|Any CPU
		{E5E20654-53FC-4BB0-AED2-0B1F55580449}.Ad-Hoc|x64.ActiveCfg = Release|Any CPU
		{E5E20654-53FC-4BB0-AED2-0B1F55580449}.Ad-Hoc|x64.Build.0 = Release|Any CPU
		{E5E20654-53FC-4BB0-AED2-0B1F55580449}.Ad-Hoc|x64.Deploy.0 = Release|Any CPU
		{E5E20654-53FC-4BB0-AED2-0B1F55580449}.Ad-Hoc|x86.ActiveCfg = Release|Any CPU
		{E5E20654-53FC-4BB0-AED2-0B1F55580449}.Ad-Hoc|x86.Build.0 = Release|Any CPU
		{E5E20654-53FC-4BB0-AED2-0B1F55580449}.Ad-Hoc|x86.Deploy.0 = Release|Any CPU
		{E5E20654-53FC-4BB0-AED2-0B1F55580449}.AppStore|Any CPU.ActiveCfg = Release|Any CPU
		{E5E20654-53FC-4BB0-AED2-0B1F55580449}.AppStore|Any CPU.Build.0 = Release|Any CPU
		{E5E20654-53FC-4BB0-AED2-0B1F55580449}.AppStore|Any CPU.Deploy.0 = Release|Any CPU
		{E5E20654-53FC-4BB0-AED2-0B1F55580449}.AppStore|ARM.ActiveCfg = Release|Any CPU
		{E5E20654-53FC-4BB0-AED2-0B1F55580449}.AppStore|ARM.Build.0 = Release|Any CPU
		{E5E20654-53FC-4BB0-AED2-0B1F55580449}.AppStore|ARM.Deploy.0 = Release|Any CPU
		{E5E20654-53FC-4BB0-AED2-0B1F55580449}.AppStore|iPhone.ActiveCfg = Release|Any CPU
		{E5E20654-53FC-4BB0-AED2-0B1F55580449}.AppStore|iPhone.Build.0 = Release|Any CPU
		{E5E20654-53FC-4BB0-AED2-0B1F55580449}.AppStore|iPhone.Deploy.0 = Release|Any CPU
		{E5E20654-53FC-4BB0-AED2-0B1F55580449}.AppStore|iPhoneSimulator.ActiveCfg = Release|Any CPU
		{E5E20654-53FC-4BB0-AED2-0B1F55580449}.AppStore|iPhoneSimulator.Build.0 = Release|Any CPU
		{E5E20654-53FC-4BB0-AED2-0B1F55580449}.AppStore|iPhoneSimulator.Deploy.0 = Release|Any CPU
		{E5E20654-53FC-4BB0-AED2-0B1F55580449}.AppStore|x64.ActiveCfg = Release|Any CPU
		{E5E20654-53FC-4BB0-AED2-0B1F55580449}.AppStore|x64.Build.0 = Release|Any CPU
		{E5E20654-53FC-4BB0-AED2-0B1F55580449}.AppStore|x64.Deploy.0 = Release|Any CPU
		{E5E20654-53FC-4BB0-AED2-0B1F55580449}.AppStore|x86.ActiveCfg = Release|Any CPU
		{E5E20654-53FC-4BB0-AED2-0B1F55580449}.AppStore|x86.Build.0 = Release|Any CPU
		{E5E20654-53FC-4BB0-AED2-0B1F55580449}.AppStore|x86.Deploy.0 = Release|Any CPU
		{E5E20654-53FC-4BB0-AED2-0B1F55580449}.Debug|Any CPU.ActiveCfg = Debug|Any CPU
		{E5E20654-53FC-4BB0-AED2-0B1F55580449}.Debug|Any CPU.Build.0 = Debug|Any CPU
		{E5E20654-53FC-4BB0-AED2-0B1F55580449}.Debug|Any CPU.Deploy.0 = Debug|Any CPU
		{E5E20654-53FC-4BB0-AED2-0B1F55580449}.Debug|ARM.ActiveCfg = Debug|Any CPU
		{E5E20654-53FC-4BB0-AED2-0B1F55580449}.Debug|ARM.Build.0 = Debug|Any CPU
		{E5E20654-53FC-4BB0-AED2-0B1F55580449}.Debug|ARM.Deploy.0 = Debug|Any CPU
		{E5E20654-53FC-4BB0-AED2-0B1F55580449}.Debug|iPhone.ActiveCfg = Debug|Any CPU
		{E5E20654-53FC-4BB0-AED2-0B1F55580449}.Debug|iPhone.Build.0 = Debug|Any CPU
		{E5E20654-53FC-4BB0-AED2-0B1F55580449}.Debug|iPhone.Deploy.0 = Debug|Any CPU
		{E5E20654-53FC-4BB0-AED2-0B1F55580449}.Debug|iPhoneSimulator.ActiveCfg = Debug|Any CPU
		{E5E20654-53FC-4BB0-AED2-0B1F55580449}.Debug|iPhoneSimulator.Build.0 = Debug|Any CPU
		{E5E20654-53FC-4BB0-AED2-0B1F55580449}.Debug|iPhoneSimulator.Deploy.0 = Debug|Any CPU
		{E5E20654-53FC-4BB0-AED2-0B1F55580449}.Debug|x64.ActiveCfg = Debug|Any CPU
		{E5E20654-53FC-4BB0-AED2-0B1F55580449}.Debug|x64.Build.0 = Debug|Any CPU
		{E5E20654-53FC-4BB0-AED2-0B1F55580449}.Debug|x64.Deploy.0 = Debug|Any CPU
		{E5E20654-53FC-4BB0-AED2-0B1F55580449}.Debug|x86.ActiveCfg = Debug|Any CPU
		{E5E20654-53FC-4BB0-AED2-0B1F55580449}.Debug|x86.Build.0 = Debug|Any CPU
		{E5E20654-53FC-4BB0-AED2-0B1F55580449}.Debug|x86.Deploy.0 = Debug|Any CPU
		{E5E20654-53FC-4BB0-AED2-0B1F55580449}.Release|Any CPU.ActiveCfg = Release|Any CPU
		{E5E20654-53FC-4BB0-AED2-0B1F55580449}.Release|Any CPU.Build.0 = Release|Any CPU
		{E5E20654-53FC-4BB0-AED2-0B1F55580449}.Release|Any CPU.Deploy.0 = Release|Any CPU
		{E5E20654-53FC-4BB0-AED2-0B1F55580449}.Release|ARM.ActiveCfg = Release|Any CPU
		{E5E20654-53FC-4BB0-AED2-0B1F55580449}.Release|ARM.Build.0 = Release|Any CPU
		{E5E20654-53FC-4BB0-AED2-0B1F55580449}.Release|ARM.Deploy.0 = Release|Any CPU
		{E5E20654-53FC-4BB0-AED2-0B1F55580449}.Release|iPhone.ActiveCfg = Release|Any CPU
		{E5E20654-53FC-4BB0-AED2-0B1F55580449}.Release|iPhone.Build.0 = Release|Any CPU
		{E5E20654-53FC-4BB0-AED2-0B1F55580449}.Release|iPhone.Deploy.0 = Release|Any CPU
		{E5E20654-53FC-4BB0-AED2-0B1F55580449}.Release|iPhoneSimulator.ActiveCfg = Release|Any CPU
		{E5E20654-53FC-4BB0-AED2-0B1F55580449}.Release|iPhoneSimulator.Build.0 = Release|Any CPU
		{E5E20654-53FC-4BB0-AED2-0B1F55580449}.Release|iPhoneSimulator.Deploy.0 = Release|Any CPU
		{E5E20654-53FC-4BB0-AED2-0B1F55580449}.Release|x64.ActiveCfg = Release|Any CPU
		{E5E20654-53FC-4BB0-AED2-0B1F55580449}.Release|x64.Build.0 = Release|Any CPU
		{E5E20654-53FC-4BB0-AED2-0B1F55580449}.Release|x64.Deploy.0 = Release|Any CPU
		{E5E20654-53FC-4BB0-AED2-0B1F55580449}.Release|x86.ActiveCfg = Release|Any CPU
		{E5E20654-53FC-4BB0-AED2-0B1F55580449}.Release|x86.Build.0 = Release|Any CPU
		{E5E20654-53FC-4BB0-AED2-0B1F55580449}.Release|x86.Deploy.0 = Release|Any CPU
		{29270968-719B-443F-9D55-0EE1FFFE6998}.Ad-Hoc|Any CPU.ActiveCfg = Ad-Hoc|iPhone
		{29270968-719B-443F-9D55-0EE1FFFE6998}.Ad-Hoc|ARM.ActiveCfg = Ad-Hoc|iPhone
		{29270968-719B-443F-9D55-0EE1FFFE6998}.Ad-Hoc|iPhone.ActiveCfg = Ad-Hoc|iPhone
		{29270968-719B-443F-9D55-0EE1FFFE6998}.Ad-Hoc|iPhone.Build.0 = Ad-Hoc|iPhone
		{29270968-719B-443F-9D55-0EE1FFFE6998}.Ad-Hoc|iPhoneSimulator.ActiveCfg = Ad-Hoc|iPhoneSimulator
		{29270968-719B-443F-9D55-0EE1FFFE6998}.Ad-Hoc|iPhoneSimulator.Build.0 = Ad-Hoc|iPhoneSimulator
		{29270968-719B-443F-9D55-0EE1FFFE6998}.Ad-Hoc|x64.ActiveCfg = Ad-Hoc|iPhone
		{29270968-719B-443F-9D55-0EE1FFFE6998}.Ad-Hoc|x86.ActiveCfg = Ad-Hoc|iPhone
		{29270968-719B-443F-9D55-0EE1FFFE6998}.AppStore|Any CPU.ActiveCfg = AppStore|iPhone
		{29270968-719B-443F-9D55-0EE1FFFE6998}.AppStore|ARM.ActiveCfg = AppStore|iPhone
		{29270968-719B-443F-9D55-0EE1FFFE6998}.AppStore|iPhone.ActiveCfg = AppStore|iPhone
		{29270968-719B-443F-9D55-0EE1FFFE6998}.AppStore|iPhone.Build.0 = AppStore|iPhone
		{29270968-719B-443F-9D55-0EE1FFFE6998}.AppStore|iPhoneSimulator.ActiveCfg = AppStore|iPhoneSimulator
		{29270968-719B-443F-9D55-0EE1FFFE6998}.AppStore|iPhoneSimulator.Build.0 = AppStore|iPhoneSimulator
		{29270968-719B-443F-9D55-0EE1FFFE6998}.AppStore|x64.ActiveCfg = AppStore|iPhone
		{29270968-719B-443F-9D55-0EE1FFFE6998}.AppStore|x86.ActiveCfg = AppStore|iPhone
		{29270968-719B-443F-9D55-0EE1FFFE6998}.Debug|Any CPU.ActiveCfg = Debug|iPhone
		{29270968-719B-443F-9D55-0EE1FFFE6998}.Debug|ARM.ActiveCfg = Debug|iPhone
		{29270968-719B-443F-9D55-0EE1FFFE6998}.Debug|iPhone.ActiveCfg = Debug|iPhone
		{29270968-719B-443F-9D55-0EE1FFFE6998}.Debug|iPhone.Build.0 = Debug|iPhone
		{29270968-719B-443F-9D55-0EE1FFFE6998}.Debug|iPhoneSimulator.ActiveCfg = Debug|iPhoneSimulator
		{29270968-719B-443F-9D55-0EE1FFFE6998}.Debug|iPhoneSimulator.Build.0 = Debug|iPhoneSimulator
		{29270968-719B-443F-9D55-0EE1FFFE6998}.Debug|x64.ActiveCfg = Debug|iPhone
		{29270968-719B-443F-9D55-0EE1FFFE6998}.Debug|x86.ActiveCfg = Debug|iPhone
		{29270968-719B-443F-9D55-0EE1FFFE6998}.Release|Any CPU.ActiveCfg = Release|iPhone
		{29270968-719B-443F-9D55-0EE1FFFE6998}.Release|ARM.ActiveCfg = Release|iPhone
		{29270968-719B-443F-9D55-0EE1FFFE6998}.Release|iPhone.ActiveCfg = Release|iPhone
		{29270968-719B-443F-9D55-0EE1FFFE6998}.Release|iPhone.Build.0 = Release|iPhone
		{29270968-719B-443F-9D55-0EE1FFFE6998}.Release|iPhoneSimulator.ActiveCfg = Release|iPhoneSimulator
		{29270968-719B-443F-9D55-0EE1FFFE6998}.Release|iPhoneSimulator.Build.0 = Release|iPhoneSimulator
		{29270968-719B-443F-9D55-0EE1FFFE6998}.Release|x64.ActiveCfg = Release|iPhone
		{29270968-719B-443F-9D55-0EE1FFFE6998}.Release|x86.ActiveCfg = Release|iPhone
		{11AE102F-54C6-4468-9EB7-E775B88C8937}.Ad-Hoc|Any CPU.ActiveCfg = Release|x86
		{11AE102F-54C6-4468-9EB7-E775B88C8937}.Ad-Hoc|Any CPU.Build.0 = Release|x86
		{11AE102F-54C6-4468-9EB7-E775B88C8937}.Ad-Hoc|Any CPU.Deploy.0 = Release|x86
		{11AE102F-54C6-4468-9EB7-E775B88C8937}.Ad-Hoc|ARM.ActiveCfg = Release|ARM
		{11AE102F-54C6-4468-9EB7-E775B88C8937}.Ad-Hoc|ARM.Build.0 = Release|ARM
		{11AE102F-54C6-4468-9EB7-E775B88C8937}.Ad-Hoc|ARM.Deploy.0 = Release|ARM
		{11AE102F-54C6-4468-9EB7-E775B88C8937}.Ad-Hoc|iPhone.ActiveCfg = Release|x86
		{11AE102F-54C6-4468-9EB7-E775B88C8937}.Ad-Hoc|iPhone.Build.0 = Release|x86
		{11AE102F-54C6-4468-9EB7-E775B88C8937}.Ad-Hoc|iPhone.Deploy.0 = Release|x86
		{11AE102F-54C6-4468-9EB7-E775B88C8937}.Ad-Hoc|iPhoneSimulator.ActiveCfg = Release|x86
		{11AE102F-54C6-4468-9EB7-E775B88C8937}.Ad-Hoc|iPhoneSimulator.Build.0 = Release|x86
		{11AE102F-54C6-4468-9EB7-E775B88C8937}.Ad-Hoc|iPhoneSimulator.Deploy.0 = Release|x86
		{11AE102F-54C6-4468-9EB7-E775B88C8937}.Ad-Hoc|x64.ActiveCfg = Release|x64
		{11AE102F-54C6-4468-9EB7-E775B88C8937}.Ad-Hoc|x64.Build.0 = Release|x64
		{11AE102F-54C6-4468-9EB7-E775B88C8937}.Ad-Hoc|x64.Deploy.0 = Release|x64
		{11AE102F-54C6-4468-9EB7-E775B88C8937}.Ad-Hoc|x86.ActiveCfg = Release|x86
		{11AE102F-54C6-4468-9EB7-E775B88C8937}.Ad-Hoc|x86.Build.0 = Release|x86
		{11AE102F-54C6-4468-9EB7-E775B88C8937}.Ad-Hoc|x86.Deploy.0 = Release|x86
		{11AE102F-54C6-4468-9EB7-E775B88C8937}.AppStore|Any CPU.ActiveCfg = Release|x86
		{11AE102F-54C6-4468-9EB7-E775B88C8937}.AppStore|Any CPU.Build.0 = Release|x86
		{11AE102F-54C6-4468-9EB7-E775B88C8937}.AppStore|Any CPU.Deploy.0 = Release|x86
		{11AE102F-54C6-4468-9EB7-E775B88C8937}.AppStore|ARM.ActiveCfg = Release|ARM
		{11AE102F-54C6-4468-9EB7-E775B88C8937}.AppStore|ARM.Build.0 = Release|ARM
		{11AE102F-54C6-4468-9EB7-E775B88C8937}.AppStore|ARM.Deploy.0 = Release|ARM
		{11AE102F-54C6-4468-9EB7-E775B88C8937}.AppStore|iPhone.ActiveCfg = Release|x86
		{11AE102F-54C6-4468-9EB7-E775B88C8937}.AppStore|iPhone.Build.0 = Release|x86
		{11AE102F-54C6-4468-9EB7-E775B88C8937}.AppStore|iPhone.Deploy.0 = Release|x86
		{11AE102F-54C6-4468-9EB7-E775B88C8937}.AppStore|iPhoneSimulator.ActiveCfg = Release|x86
		{11AE102F-54C6-4468-9EB7-E775B88C8937}.AppStore|iPhoneSimulator.Build.0 = Release|x86
		{11AE102F-54C6-4468-9EB7-E775B88C8937}.AppStore|iPhoneSimulator.Deploy.0 = Release|x86
		{11AE102F-54C6-4468-9EB7-E775B88C8937}.AppStore|x64.ActiveCfg = Release|x64
		{11AE102F-54C6-4468-9EB7-E775B88C8937}.AppStore|x64.Build.0 = Release|x64
		{11AE102F-54C6-4468-9EB7-E775B88C8937}.AppStore|x64.Deploy.0 = Release|x64
		{11AE102F-54C6-4468-9EB7-E775B88C8937}.AppStore|x86.ActiveCfg = Release|x86
		{11AE102F-54C6-4468-9EB7-E775B88C8937}.AppStore|x86.Build.0 = Release|x86
		{11AE102F-54C6-4468-9EB7-E775B88C8937}.AppStore|x86.Deploy.0 = Release|x86
		{11AE102F-54C6-4468-9EB7-E775B88C8937}.Debug|Any CPU.ActiveCfg = Debug|x86
		{11AE102F-54C6-4468-9EB7-E775B88C8937}.Debug|ARM.ActiveCfg = Debug|ARM
		{11AE102F-54C6-4468-9EB7-E775B88C8937}.Debug|ARM.Build.0 = Debug|ARM
		{11AE102F-54C6-4468-9EB7-E775B88C8937}.Debug|ARM.Deploy.0 = Debug|ARM
		{11AE102F-54C6-4468-9EB7-E775B88C8937}.Debug|iPhone.ActiveCfg = Debug|x86
		{11AE102F-54C6-4468-9EB7-E775B88C8937}.Debug|iPhoneSimulator.ActiveCfg = Debug|x86
		{11AE102F-54C6-4468-9EB7-E775B88C8937}.Debug|x64.ActiveCfg = Debug|x64
		{11AE102F-54C6-4468-9EB7-E775B88C8937}.Debug|x64.Build.0 = Debug|x64
		{11AE102F-54C6-4468-9EB7-E775B88C8937}.Debug|x64.Deploy.0 = Debug|x64
		{11AE102F-54C6-4468-9EB7-E775B88C8937}.Debug|x86.ActiveCfg = Debug|x64
		{11AE102F-54C6-4468-9EB7-E775B88C8937}.Debug|x86.Build.0 = Debug|x64
		{11AE102F-54C6-4468-9EB7-E775B88C8937}.Debug|x86.Deploy.0 = Debug|x64
		{11AE102F-54C6-4468-9EB7-E775B88C8937}.Release|Any CPU.ActiveCfg = Release|x86
		{11AE102F-54C6-4468-9EB7-E775B88C8937}.Release|ARM.ActiveCfg = Release|ARM
		{11AE102F-54C6-4468-9EB7-E775B88C8937}.Release|ARM.Build.0 = Release|ARM
		{11AE102F-54C6-4468-9EB7-E775B88C8937}.Release|ARM.Deploy.0 = Release|ARM
		{11AE102F-54C6-4468-9EB7-E775B88C8937}.Release|iPhone.ActiveCfg = Release|x86
		{11AE102F-54C6-4468-9EB7-E775B88C8937}.Release|iPhoneSimulator.ActiveCfg = Release|x86
		{11AE102F-54C6-4468-9EB7-E775B88C8937}.Release|x64.ActiveCfg = Release|x64
		{11AE102F-54C6-4468-9EB7-E775B88C8937}.Release|x64.Build.0 = Release|x64
		{11AE102F-54C6-4468-9EB7-E775B88C8937}.Release|x64.Deploy.0 = Release|x64
		{11AE102F-54C6-4468-9EB7-E775B88C8937}.Release|x86.ActiveCfg = Release|x86
		{11AE102F-54C6-4468-9EB7-E775B88C8937}.Release|x86.Build.0 = Release|x86
		{11AE102F-54C6-4468-9EB7-E775B88C8937}.Release|x86.Deploy.0 = Release|x86
		{7053530A-BC14-4503-8CB8-BFCA3040B582}.Ad-Hoc|Any CPU.ActiveCfg = Debug|Any CPU
		{7053530A-BC14-4503-8CB8-BFCA3040B582}.Ad-Hoc|Any CPU.Build.0 = Debug|Any CPU
		{7053530A-BC14-4503-8CB8-BFCA3040B582}.Ad-Hoc|ARM.ActiveCfg = Debug|Any CPU
		{7053530A-BC14-4503-8CB8-BFCA3040B582}.Ad-Hoc|ARM.Build.0 = Debug|Any CPU
		{7053530A-BC14-4503-8CB8-BFCA3040B582}.Ad-Hoc|iPhone.ActiveCfg = Debug|Any CPU
		{7053530A-BC14-4503-8CB8-BFCA3040B582}.Ad-Hoc|iPhone.Build.0 = Debug|Any CPU
		{7053530A-BC14-4503-8CB8-BFCA3040B582}.Ad-Hoc|iPhoneSimulator.ActiveCfg = Debug|Any CPU
		{7053530A-BC14-4503-8CB8-BFCA3040B582}.Ad-Hoc|iPhoneSimulator.Build.0 = Debug|Any CPU
		{7053530A-BC14-4503-8CB8-BFCA3040B582}.Ad-Hoc|x64.ActiveCfg = Debug|Any CPU
		{7053530A-BC14-4503-8CB8-BFCA3040B582}.Ad-Hoc|x64.Build.0 = Debug|Any CPU
		{7053530A-BC14-4503-8CB8-BFCA3040B582}.Ad-Hoc|x86.ActiveCfg = Debug|Any CPU
		{7053530A-BC14-4503-8CB8-BFCA3040B582}.Ad-Hoc|x86.Build.0 = Debug|Any CPU
		{7053530A-BC14-4503-8CB8-BFCA3040B582}.AppStore|Any CPU.ActiveCfg = Debug|Any CPU
		{7053530A-BC14-4503-8CB8-BFCA3040B582}.AppStore|Any CPU.Build.0 = Debug|Any CPU
		{7053530A-BC14-4503-8CB8-BFCA3040B582}.AppStore|ARM.ActiveCfg = Debug|Any CPU
		{7053530A-BC14-4503-8CB8-BFCA3040B582}.AppStore|ARM.Build.0 = Debug|Any CPU
		{7053530A-BC14-4503-8CB8-BFCA3040B582}.AppStore|iPhone.ActiveCfg = Debug|Any CPU
		{7053530A-BC14-4503-8CB8-BFCA3040B582}.AppStore|iPhone.Build.0 = Debug|Any CPU
		{7053530A-BC14-4503-8CB8-BFCA3040B582}.AppStore|iPhoneSimulator.ActiveCfg = Debug|Any CPU
		{7053530A-BC14-4503-8CB8-BFCA3040B582}.AppStore|iPhoneSimulator.Build.0 = Debug|Any CPU
		{7053530A-BC14-4503-8CB8-BFCA3040B582}.AppStore|x64.ActiveCfg = Debug|Any CPU
		{7053530A-BC14-4503-8CB8-BFCA3040B582}.AppStore|x64.Build.0 = Debug|Any CPU
		{7053530A-BC14-4503-8CB8-BFCA3040B582}.AppStore|x86.ActiveCfg = Debug|Any CPU
		{7053530A-BC14-4503-8CB8-BFCA3040B582}.AppStore|x86.Build.0 = Debug|Any CPU
		{7053530A-BC14-4503-8CB8-BFCA3040B582}.Debug|Any CPU.ActiveCfg = Debug|Any CPU
		{7053530A-BC14-4503-8CB8-BFCA3040B582}.Debug|Any CPU.Build.0 = Debug|Any CPU
		{7053530A-BC14-4503-8CB8-BFCA3040B582}.Debug|ARM.ActiveCfg = Debug|Any CPU
		{7053530A-BC14-4503-8CB8-BFCA3040B582}.Debug|ARM.Build.0 = Debug|Any CPU
		{7053530A-BC14-4503-8CB8-BFCA3040B582}.Debug|iPhone.ActiveCfg = Debug|Any CPU
		{7053530A-BC14-4503-8CB8-BFCA3040B582}.Debug|iPhone.Build.0 = Debug|Any CPU
		{7053530A-BC14-4503-8CB8-BFCA3040B582}.Debug|iPhoneSimulator.ActiveCfg = Debug|Any CPU
		{7053530A-BC14-4503-8CB8-BFCA3040B582}.Debug|iPhoneSimulator.Build.0 = Debug|Any CPU
		{7053530A-BC14-4503-8CB8-BFCA3040B582}.Debug|x64.ActiveCfg = Debug|Any CPU
		{7053530A-BC14-4503-8CB8-BFCA3040B582}.Debug|x64.Build.0 = Debug|Any CPU
		{7053530A-BC14-4503-8CB8-BFCA3040B582}.Debug|x86.ActiveCfg = Debug|Any CPU
		{7053530A-BC14-4503-8CB8-BFCA3040B582}.Debug|x86.Build.0 = Debug|Any CPU
		{7053530A-BC14-4503-8CB8-BFCA3040B582}.Release|Any CPU.ActiveCfg = Release|Any CPU
		{7053530A-BC14-4503-8CB8-BFCA3040B582}.Release|Any CPU.Build.0 = Release|Any CPU
		{7053530A-BC14-4503-8CB8-BFCA3040B582}.Release|ARM.ActiveCfg = Release|Any CPU
		{7053530A-BC14-4503-8CB8-BFCA3040B582}.Release|ARM.Build.0 = Release|Any CPU
		{7053530A-BC14-4503-8CB8-BFCA3040B582}.Release|iPhone.ActiveCfg = Release|Any CPU
		{7053530A-BC14-4503-8CB8-BFCA3040B582}.Release|iPhone.Build.0 = Release|Any CPU
		{7053530A-BC14-4503-8CB8-BFCA3040B582}.Release|iPhoneSimulator.ActiveCfg = Release|Any CPU
		{7053530A-BC14-4503-8CB8-BFCA3040B582}.Release|iPhoneSimulator.Build.0 = Release|Any CPU
		{7053530A-BC14-4503-8CB8-BFCA3040B582}.Release|x64.ActiveCfg = Release|Any CPU
		{7053530A-BC14-4503-8CB8-BFCA3040B582}.Release|x64.Build.0 = Release|Any CPU
		{7053530A-BC14-4503-8CB8-BFCA3040B582}.Release|x86.ActiveCfg = Release|Any CPU
		{7053530A-BC14-4503-8CB8-BFCA3040B582}.Release|x86.Build.0 = Release|Any CPU
	EndGlobalSection
	GlobalSection(SolutionProperties) = preSolution
		HideSolutionNode = FALSE
	EndGlobalSection
	GlobalSection(ExtensibilityGlobals) = postSolution
		SolutionGuid = {BC33BBEF-12CD-4881-905B-4E23ED827031}
	EndGlobalSection
EndGlobal
